// !$*UTF8*$!
{
	archiveVersion = 1;
	classes = {
	};
	objectVersion = 46;
	objects = {

/* Begin PBXBuildFile section */
		09D85CBE43E06E1B57DB6FA3 /* Pods_Rope.framework in Frameworks */ = {isa = PBXBuildFile; fileRef = 7D3E04C1E7D03CE3F5A08044 /* Pods_Rope.framework */; };
		1A06B0BC1FC8BF62002ABFB3 /* FriendRequestCell.swift in Sources */ = {isa = PBXBuildFile; fileRef = 1A06B0BB1FC8BF62002ABFB3 /* FriendRequestCell.swift */; };
		1A06B0C01FC8BF9E002ABFB3 /* FriendRequestCell.xib in Resources */ = {isa = PBXBuildFile; fileRef = 1A06B0BF1FC8BF9E002ABFB3 /* FriendRequestCell.xib */; };
		1A1785291FA0C85C00427741 /* AppDelegate.swift in Sources */ = {isa = PBXBuildFile; fileRef = 1A1785281FA0C85C00427741 /* AppDelegate.swift */; };
		1A17852B1FA0C85C00427741 /* LoginViewController.swift in Sources */ = {isa = PBXBuildFile; fileRef = 1A17852A1FA0C85C00427741 /* LoginViewController.swift */; };
		1A17852E1FA0C85C00427741 /* Main.storyboard in Resources */ = {isa = PBXBuildFile; fileRef = 1A17852C1FA0C85C00427741 /* Main.storyboard */; };
		1A1785301FA0C85C00427741 /* Assets.xcassets in Resources */ = {isa = PBXBuildFile; fileRef = 1A17852F1FA0C85C00427741 /* Assets.xcassets */; };
		1A1785331FA0C85C00427741 /* LaunchScreen.storyboard in Resources */ = {isa = PBXBuildFile; fileRef = 1A1785311FA0C85C00427741 /* LaunchScreen.storyboard */; };
		1A17853B1FA0C8DC00427741 /* GoogleService-Info.plist in Resources */ = {isa = PBXBuildFile; fileRef = 1A17853A1FA0C8DC00427741 /* GoogleService-Info.plist */; };
		1A4BE17A1FAA2199001EEB15 /* RopeIPCell.swift in Sources */ = {isa = PBXBuildFile; fileRef = 1A4BE1791FAA2199001EEB15 /* RopeIPCell.swift */; };
		1A5576251FA0DD93001D404D /* Auth.storyboard in Resources */ = {isa = PBXBuildFile; fileRef = 1A5576241FA0DD93001D404D /* Auth.storyboard */; };
		1A5576271FA0DFB2001D404D /* PhoneNumberViewController.swift in Sources */ = {isa = PBXBuildFile; fileRef = 1A5576261FA0DFB2001D404D /* PhoneNumberViewController.swift */; };
		1A5576291FA0EB64001D404D /* User.swift in Sources */ = {isa = PBXBuildFile; fileRef = 1A5576281FA0EB64001D404D /* User.swift */; };
		1A6E62BA1FE1A632000DD7E8 /* SpinnerView.swift in Sources */ = {isa = PBXBuildFile; fileRef = 1A6E62B91FE1A632000DD7E8 /* SpinnerView.swift */; };
		1A72EE1D1FA2320F0048A45F /* VerificationViewController.swift in Sources */ = {isa = PBXBuildFile; fileRef = 1A72EE1C1FA2320F0048A45F /* VerificationViewController.swift */; };
		1A905AF11FCBC027000C5CE1 /* RopeIPDetailViewController.swift in Sources */ = {isa = PBXBuildFile; fileRef = 1A905AF01FCBC027000C5CE1 /* RopeIPDetailViewController.swift */; };
		1A905AF31FCC6331000C5CE1 /* ScannerViewController.swift in Sources */ = {isa = PBXBuildFile; fileRef = 1A905AF21FCC6331000C5CE1 /* ScannerViewController.swift */; };
		1AB5FF871FAB697600EC8780 /* CustomSegues.swift in Sources */ = {isa = PBXBuildFile; fileRef = 1AB5FF861FAB697600EC8780 /* CustomSegues.swift */; };
		1AB5FF901FAD73AD00EC8780 /* CameraViewController.swift in Sources */ = {isa = PBXBuildFile; fileRef = 1AB5FF8F1FAD73AD00EC8780 /* CameraViewController.swift */; };
		1AB5FF921FAD747B00EC8780 /* PreviewViewController.swift in Sources */ = {isa = PBXBuildFile; fileRef = 1AB5FF911FAD747B00EC8780 /* PreviewViewController.swift */; };
		1AB5FF961FAE237100EC8780 /* RopeIPCell.xib in Resources */ = {isa = PBXBuildFile; fileRef = 1AB5FF951FAE237100EC8780 /* RopeIPCell.xib */; };
		1AB5FF981FAF631600EC8780 /* TabBarViewController.swift in Sources */ = {isa = PBXBuildFile; fileRef = 1AB5FF971FAF631600EC8780 /* TabBarViewController.swift */; };
		1AB5FFA11FAFAFEB00EC8780 /* NewRopeViewController.swift in Sources */ = {isa = PBXBuildFile; fileRef = 1AB5FFA01FAFAFEB00EC8780 /* NewRopeViewController.swift */; };
		1AB5FFA31FB014C000EC8780 /* PreviewView.swift in Sources */ = {isa = PBXBuildFile; fileRef = 1AB5FFA21FB014C000EC8780 /* PreviewView.swift */; };
		1AB5FFA51FB0B01400EC8780 /* RopeViewController.swift in Sources */ = {isa = PBXBuildFile; fileRef = 1AB5FFA41FB0B01400EC8780 /* RopeViewController.swift */; };
		1AB5FFA71FB0B36B00EC8780 /* RopeCell.swift in Sources */ = {isa = PBXBuildFile; fileRef = 1AB5FFA61FB0B36B00EC8780 /* RopeCell.swift */; };
		1ABECFB31FDA4762004719ED /* Nunito-Black.ttf in Resources */ = {isa = PBXBuildFile; fileRef = 1ABECFAE1FDA45BC004719ED /* Nunito-Black.ttf */; };
		1ABECFB41FDA4769004719ED /* Nunito-BlackItalic.ttf in Resources */ = {isa = PBXBuildFile; fileRef = 1ABECFAA1FDA45BB004719ED /* Nunito-BlackItalic.ttf */; };
		1ABECFB51FDA4769004719ED /* Nunito-Bold.ttf in Resources */ = {isa = PBXBuildFile; fileRef = 1ABECFA71FDA45BB004719ED /* Nunito-Bold.ttf */; };
		1ABECFB61FDA4769004719ED /* Nunito-BoldItalic.ttf in Resources */ = {isa = PBXBuildFile; fileRef = 1ABECFB21FDA45BD004719ED /* Nunito-BoldItalic.ttf */; };
		1ABECFB71FDA4769004719ED /* Nunito-ExtraBold.ttf in Resources */ = {isa = PBXBuildFile; fileRef = 1ABECFB01FDA45BC004719ED /* Nunito-ExtraBold.ttf */; };
		1ABECFB81FDA4769004719ED /* Nunito-ExtraBoldItalic.ttf in Resources */ = {isa = PBXBuildFile; fileRef = 1ABECFA51FDA45BA004719ED /* Nunito-ExtraBoldItalic.ttf */; };
		1ABECFB91FDA4769004719ED /* Nunito-ExtraLight.ttf in Resources */ = {isa = PBXBuildFile; fileRef = 1ABECFAB1FDA45BC004719ED /* Nunito-ExtraLight.ttf */; };
		1ABECFBA1FDA4769004719ED /* Nunito-ExtraLightItalic.ttf in Resources */ = {isa = PBXBuildFile; fileRef = 1ABECFA91FDA45BB004719ED /* Nunito-ExtraLightItalic.ttf */; };
		1ABECFBB1FDA4769004719ED /* Nunito-Italic.ttf in Resources */ = {isa = PBXBuildFile; fileRef = 1ABECFB11FDA45BC004719ED /* Nunito-Italic.ttf */; };
		1ABECFBC1FDA4769004719ED /* Nunito-Light.ttf in Resources */ = {isa = PBXBuildFile; fileRef = 1ABECFA81FDA45BB004719ED /* Nunito-Light.ttf */; };
		1ABECFBD1FDA4769004719ED /* Nunito-LightItalic.ttf in Resources */ = {isa = PBXBuildFile; fileRef = 1ABECFAF1FDA45BC004719ED /* Nunito-LightItalic.ttf */; };
		1ABECFBE1FDA4769004719ED /* Nunito-Regular.ttf in Resources */ = {isa = PBXBuildFile; fileRef = 1ABECFAC1FDA45BC004719ED /* Nunito-Regular.ttf */; };
		1ABECFBF1FDA4769004719ED /* Nunito-SemiBold.ttf in Resources */ = {isa = PBXBuildFile; fileRef = 1ABECFAD1FDA45BC004719ED /* Nunito-SemiBold.ttf */; };
		1ABECFC01FDA4769004719ED /* Nunito-SemiBoldItalic.ttf in Resources */ = {isa = PBXBuildFile; fileRef = 1ABECFA61FDA45BA004719ED /* Nunito-SemiBoldItalic.ttf */; };
		1ABECFC41FDC86AF004719ED /* SettingsTableViewController.swift in Sources */ = {isa = PBXBuildFile; fileRef = 1ABECFC31FDC86AF004719ED /* SettingsTableViewController.swift */; };
		1AC03DFB1FB10C8E00158752 /* SignUpViewController.swift in Sources */ = {isa = PBXBuildFile; fileRef = 1AC03DFA1FB10C8E00158752 /* SignUpViewController.swift */; };
		1AC03E011FB1454500158752 /* DataService.swift in Sources */ = {isa = PBXBuildFile; fileRef = 1AC03E001FB1454500158752 /* DataService.swift */; };
		1AD5CC311FB5599100A01C2E /* extravaganzza.ttf in Resources */ = {isa = PBXBuildFile; fileRef = 1AD5CC2F1FB5597500A01C2E /* extravaganzza.ttf */; };
		1AD5CC321FB5599400A01C2E /* extravaganzza-extra-bold.ttf in Resources */ = {isa = PBXBuildFile; fileRef = 1AD5CC301FB5597C00A01C2E /* extravaganzza-extra-bold.ttf */; };
		1AE1C13D1FB3AB3200A158ED /* Rope.swift in Sources */ = {isa = PBXBuildFile; fileRef = 1AE1C13C1FB3AB3200A158ED /* Rope.swift */; };
		1AE1C13F1FB3ABCB00A158ED /* RopeIP.swift in Sources */ = {isa = PBXBuildFile; fileRef = 1AE1C13E1FB3ABCB00A158ED /* RopeIP.swift */; };
		1AF5D0D21FC5E05D00BDF886 /* Media.swift in Sources */ = {isa = PBXBuildFile; fileRef = 1AF5D0D11FC5E05D00BDF886 /* Media.swift */; };
		1AF5D0D81FC60F7700BDF886 /* RopeDisplayViewController.swift in Sources */ = {isa = PBXBuildFile; fileRef = 1AF5D0D71FC60F7700BDF886 /* RopeDisplayViewController.swift */; };
/* End PBXBuildFile section */

/* Begin PBXFileReference section */
		1A06B0B81FC89B56002ABFB3 /* Rope.entitlements */ = {isa = PBXFileReference; lastKnownFileType = text.plist.entitlements; path = Rope.entitlements; sourceTree = "<group>"; };
		1A06B0BB1FC8BF62002ABFB3 /* FriendRequestCell.swift */ = {isa = PBXFileReference; lastKnownFileType = sourcecode.swift; path = FriendRequestCell.swift; sourceTree = "<group>"; };
		1A06B0BF1FC8BF9E002ABFB3 /* FriendRequestCell.xib */ = {isa = PBXFileReference; lastKnownFileType = file.xib; path = FriendRequestCell.xib; sourceTree = "<group>"; };
		1A1785251FA0C85C00427741 /* Rope.app */ = {isa = PBXFileReference; explicitFileType = wrapper.application; includeInIndex = 0; path = Rope.app; sourceTree = BUILT_PRODUCTS_DIR; };
		1A1785281FA0C85C00427741 /* AppDelegate.swift */ = {isa = PBXFileReference; lastKnownFileType = sourcecode.swift; path = AppDelegate.swift; sourceTree = "<group>"; };
		1A17852A1FA0C85C00427741 /* LoginViewController.swift */ = {isa = PBXFileReference; lastKnownFileType = sourcecode.swift; path = LoginViewController.swift; sourceTree = "<group>"; };
		1A17852D1FA0C85C00427741 /* Base */ = {isa = PBXFileReference; lastKnownFileType = file.storyboard; name = Base; path = Base.lproj/Main.storyboard; sourceTree = "<group>"; };
		1A17852F1FA0C85C00427741 /* Assets.xcassets */ = {isa = PBXFileReference; lastKnownFileType = folder.assetcatalog; path = Assets.xcassets; sourceTree = "<group>"; };
		1A1785321FA0C85C00427741 /* Base */ = {isa = PBXFileReference; lastKnownFileType = file.storyboard; name = Base; path = Base.lproj/LaunchScreen.storyboard; sourceTree = "<group>"; };
		1A1785341FA0C85C00427741 /* Info.plist */ = {isa = PBXFileReference; lastKnownFileType = text.plist.xml; path = Info.plist; sourceTree = "<group>"; };
		1A17853A1FA0C8DC00427741 /* GoogleService-Info.plist */ = {isa = PBXFileReference; fileEncoding = 4; lastKnownFileType = text.plist.xml; path = "GoogleService-Info.plist"; sourceTree = "<group>"; };
		1A4BE1791FAA2199001EEB15 /* RopeIPCell.swift */ = {isa = PBXFileReference; lastKnownFileType = sourcecode.swift; path = RopeIPCell.swift; sourceTree = "<group>"; };
		1A5576241FA0DD93001D404D /* Auth.storyboard */ = {isa = PBXFileReference; lastKnownFileType = file.storyboard; path = Auth.storyboard; sourceTree = "<group>"; };
		1A5576261FA0DFB2001D404D /* PhoneNumberViewController.swift */ = {isa = PBXFileReference; lastKnownFileType = sourcecode.swift; path = PhoneNumberViewController.swift; sourceTree = "<group>"; };
		1A5576281FA0EB64001D404D /* User.swift */ = {isa = PBXFileReference; lastKnownFileType = sourcecode.swift; path = User.swift; sourceTree = "<group>"; };
		1A6E62B91FE1A632000DD7E8 /* SpinnerView.swift */ = {isa = PBXFileReference; lastKnownFileType = sourcecode.swift; path = SpinnerView.swift; sourceTree = "<group>"; };
		1A72EE1C1FA2320F0048A45F /* VerificationViewController.swift */ = {isa = PBXFileReference; lastKnownFileType = sourcecode.swift; path = VerificationViewController.swift; sourceTree = "<group>"; };
		1A905AF01FCBC027000C5CE1 /* RopeIPDetailViewController.swift */ = {isa = PBXFileReference; lastKnownFileType = sourcecode.swift; path = RopeIPDetailViewController.swift; sourceTree = "<group>"; };
		1A905AF21FCC6331000C5CE1 /* ScannerViewController.swift */ = {isa = PBXFileReference; lastKnownFileType = sourcecode.swift; path = ScannerViewController.swift; sourceTree = "<group>"; };
		1AB5FF861FAB697600EC8780 /* CustomSegues.swift */ = {isa = PBXFileReference; lastKnownFileType = sourcecode.swift; path = CustomSegues.swift; sourceTree = "<group>"; };
		1AB5FF8F1FAD73AD00EC8780 /* CameraViewController.swift */ = {isa = PBXFileReference; lastKnownFileType = sourcecode.swift; path = CameraViewController.swift; sourceTree = "<group>"; };
		1AB5FF911FAD747B00EC8780 /* PreviewViewController.swift */ = {isa = PBXFileReference; lastKnownFileType = sourcecode.swift; path = PreviewViewController.swift; sourceTree = "<group>"; };
		1AB5FF951FAE237100EC8780 /* RopeIPCell.xib */ = {isa = PBXFileReference; lastKnownFileType = file.xib; path = RopeIPCell.xib; sourceTree = "<group>"; };
		1AB5FF971FAF631600EC8780 /* TabBarViewController.swift */ = {isa = PBXFileReference; lastKnownFileType = sourcecode.swift; path = TabBarViewController.swift; sourceTree = "<group>"; };
		1AB5FFA01FAFAFEB00EC8780 /* NewRopeViewController.swift */ = {isa = PBXFileReference; lastKnownFileType = sourcecode.swift; path = NewRopeViewController.swift; sourceTree = "<group>"; };
		1AB5FFA21FB014C000EC8780 /* PreviewView.swift */ = {isa = PBXFileReference; lastKnownFileType = sourcecode.swift; path = PreviewView.swift; sourceTree = "<group>"; };
		1AB5FFA41FB0B01400EC8780 /* RopeViewController.swift */ = {isa = PBXFileReference; lastKnownFileType = sourcecode.swift; path = RopeViewController.swift; sourceTree = "<group>"; };
		1AB5FFA61FB0B36B00EC8780 /* RopeCell.swift */ = {isa = PBXFileReference; lastKnownFileType = sourcecode.swift; path = RopeCell.swift; sourceTree = "<group>"; };
		1ABECFA51FDA45BA004719ED /* Nunito-ExtraBoldItalic.ttf */ = {isa = PBXFileReference; lastKnownFileType = file; path = "Nunito-ExtraBoldItalic.ttf"; sourceTree = "<group>"; };
		1ABECFA61FDA45BA004719ED /* Nunito-SemiBoldItalic.ttf */ = {isa = PBXFileReference; lastKnownFileType = file; path = "Nunito-SemiBoldItalic.ttf"; sourceTree = "<group>"; };
		1ABECFA71FDA45BB004719ED /* Nunito-Bold.ttf */ = {isa = PBXFileReference; lastKnownFileType = file; path = "Nunito-Bold.ttf"; sourceTree = "<group>"; };
		1ABECFA81FDA45BB004719ED /* Nunito-Light.ttf */ = {isa = PBXFileReference; lastKnownFileType = file; path = "Nunito-Light.ttf"; sourceTree = "<group>"; };
		1ABECFA91FDA45BB004719ED /* Nunito-ExtraLightItalic.ttf */ = {isa = PBXFileReference; lastKnownFileType = file; path = "Nunito-ExtraLightItalic.ttf"; sourceTree = "<group>"; };
		1ABECFAA1FDA45BB004719ED /* Nunito-BlackItalic.ttf */ = {isa = PBXFileReference; lastKnownFileType = file; path = "Nunito-BlackItalic.ttf"; sourceTree = "<group>"; };
		1ABECFAB1FDA45BC004719ED /* Nunito-ExtraLight.ttf */ = {isa = PBXFileReference; lastKnownFileType = file; path = "Nunito-ExtraLight.ttf"; sourceTree = "<group>"; };
		1ABECFAC1FDA45BC004719ED /* Nunito-Regular.ttf */ = {isa = PBXFileReference; lastKnownFileType = file; path = "Nunito-Regular.ttf"; sourceTree = "<group>"; };
		1ABECFAD1FDA45BC004719ED /* Nunito-SemiBold.ttf */ = {isa = PBXFileReference; lastKnownFileType = file; path = "Nunito-SemiBold.ttf"; sourceTree = "<group>"; };
		1ABECFAE1FDA45BC004719ED /* Nunito-Black.ttf */ = {isa = PBXFileReference; lastKnownFileType = file; path = "Nunito-Black.ttf"; sourceTree = "<group>"; };
		1ABECFAF1FDA45BC004719ED /* Nunito-LightItalic.ttf */ = {isa = PBXFileReference; lastKnownFileType = file; path = "Nunito-LightItalic.ttf"; sourceTree = "<group>"; };
		1ABECFB01FDA45BC004719ED /* Nunito-ExtraBold.ttf */ = {isa = PBXFileReference; lastKnownFileType = file; path = "Nunito-ExtraBold.ttf"; sourceTree = "<group>"; };
		1ABECFB11FDA45BC004719ED /* Nunito-Italic.ttf */ = {isa = PBXFileReference; lastKnownFileType = file; path = "Nunito-Italic.ttf"; sourceTree = "<group>"; };
		1ABECFB21FDA45BD004719ED /* Nunito-BoldItalic.ttf */ = {isa = PBXFileReference; lastKnownFileType = file; path = "Nunito-BoldItalic.ttf"; sourceTree = "<group>"; };
		1ABECFC31FDC86AF004719ED /* SettingsTableViewController.swift */ = {isa = PBXFileReference; lastKnownFileType = sourcecode.swift; path = SettingsTableViewController.swift; sourceTree = "<group>"; };
		1AC03DFA1FB10C8E00158752 /* SignUpViewController.swift */ = {isa = PBXFileReference; lastKnownFileType = sourcecode.swift; path = SignUpViewController.swift; sourceTree = "<group>"; };
		1AC03E001FB1454500158752 /* DataService.swift */ = {isa = PBXFileReference; lastKnownFileType = sourcecode.swift; path = DataService.swift; sourceTree = "<group>"; };
		1AD5CC2F1FB5597500A01C2E /* extravaganzza.ttf */ = {isa = PBXFileReference; lastKnownFileType = file; path = extravaganzza.ttf; sourceTree = "<group>"; };
		1AD5CC301FB5597C00A01C2E /* extravaganzza-extra-bold.ttf */ = {isa = PBXFileReference; lastKnownFileType = file; path = "extravaganzza-extra-bold.ttf"; sourceTree = "<group>"; };
		1AE1C13C1FB3AB3200A158ED /* Rope.swift */ = {isa = PBXFileReference; lastKnownFileType = sourcecode.swift; path = Rope.swift; sourceTree = "<group>"; };
		1AE1C13E1FB3ABCB00A158ED /* RopeIP.swift */ = {isa = PBXFileReference; lastKnownFileType = sourcecode.swift; path = RopeIP.swift; sourceTree = "<group>"; };
		1AF5D0D11FC5E05D00BDF886 /* Media.swift */ = {isa = PBXFileReference; lastKnownFileType = sourcecode.swift; path = Media.swift; sourceTree = "<group>"; };
		1AF5D0D71FC60F7700BDF886 /* RopeDisplayViewController.swift */ = {isa = PBXFileReference; lastKnownFileType = sourcecode.swift; path = RopeDisplayViewController.swift; sourceTree = "<group>"; };
		50F5BFEBB349A5F357FAD6B3 /* Pods-Rope.release.xcconfig */ = {isa = PBXFileReference; includeInIndex = 1; lastKnownFileType = text.xcconfig; name = "Pods-Rope.release.xcconfig"; path = "Pods/Target Support Files/Pods-Rope/Pods-Rope.release.xcconfig"; sourceTree = "<group>"; };
		7D3E04C1E7D03CE3F5A08044 /* Pods_Rope.framework */ = {isa = PBXFileReference; explicitFileType = wrapper.framework; includeInIndex = 0; path = Pods_Rope.framework; sourceTree = BUILT_PRODUCTS_DIR; };
		EDA65B7248470CE8810E8062 /* Pods-Rope.debug.xcconfig */ = {isa = PBXFileReference; includeInIndex = 1; lastKnownFileType = text.xcconfig; name = "Pods-Rope.debug.xcconfig"; path = "Pods/Target Support Files/Pods-Rope/Pods-Rope.debug.xcconfig"; sourceTree = "<group>"; };
/* End PBXFileReference section */

/* Begin PBXFrameworksBuildPhase section */
		1A1785221FA0C85C00427741 /* Frameworks */ = {
			isa = PBXFrameworksBuildPhase;
			buildActionMask = 2147483647;
			files = (
				09D85CBE43E06E1B57DB6FA3 /* Pods_Rope.framework in Frameworks */,
			);
			runOnlyForDeploymentPostprocessing = 0;
		};
/* End PBXFrameworksBuildPhase section */

/* Begin PBXGroup section */
		1A17851C1FA0C85C00427741 = {
			isa = PBXGroup;
			children = (
				1A1785271FA0C85C00427741 /* Rope */,
				1A1785261FA0C85C00427741 /* Products */,
				4B37A6EB2B5AFA460928C4A0 /* Pods */,
				2737712F45A4F305B612337F /* Frameworks */,
			);
			sourceTree = "<group>";
		};
		1A1785261FA0C85C00427741 /* Products */ = {
			isa = PBXGroup;
			children = (
				1A1785251FA0C85C00427741 /* Rope.app */,
			);
			name = Products;
			sourceTree = "<group>";
		};
		1A1785271FA0C85C00427741 /* Rope */ = {
			isa = PBXGroup;
			children = (
				1A06B0B81FC89B56002ABFB3 /* Rope.entitlements */,
				1AC03DFF1FB1453B00158752 /* Resources */,
				1A5576231FA0DD5E001D404D /* Controller */,
				1A5576221FA0DD59001D404D /* View */,
				1A5576211FA0DD50001D404D /* Model */,
				1AB5FF861FAB697600EC8780 /* CustomSegues.swift */,
				1A1785281FA0C85C00427741 /* AppDelegate.swift */,
				1A17852C1FA0C85C00427741 /* Main.storyboard */,
				1A5576241FA0DD93001D404D /* Auth.storyboard */,
				1A17852F1FA0C85C00427741 /* Assets.xcassets */,
				1A1785311FA0C85C00427741 /* LaunchScreen.storyboard */,
				1A1785341FA0C85C00427741 /* Info.plist */,
				1A17853A1FA0C8DC00427741 /* GoogleService-Info.plist */,
			);
			path = Rope;
			sourceTree = "<group>";
		};
		1A5576211FA0DD50001D404D /* Model */ = {
			isa = PBXGroup;
			children = (
				1A5576281FA0EB64001D404D /* User.swift */,
				1AE1C13C1FB3AB3200A158ED /* Rope.swift */,
				1AE1C13E1FB3ABCB00A158ED /* RopeIP.swift */,
				1AF5D0D11FC5E05D00BDF886 /* Media.swift */,
			);
			path = Model;
			sourceTree = "<group>";
		};
		1A5576221FA0DD59001D404D /* View */ = {
			isa = PBXGroup;
			children = (
				1A4BE1791FAA2199001EEB15 /* RopeIPCell.swift */,
				1AB5FF951FAE237100EC8780 /* RopeIPCell.xib */,
				1AB5FFA21FB014C000EC8780 /* PreviewView.swift */,
				1AB5FFA61FB0B36B00EC8780 /* RopeCell.swift */,
				1A06B0BB1FC8BF62002ABFB3 /* FriendRequestCell.swift */,
				1A06B0BF1FC8BF9E002ABFB3 /* FriendRequestCell.xib */,
				1A6E62B91FE1A632000DD7E8 /* SpinnerView.swift */,
			);
			path = View;
			sourceTree = "<group>";
		};
		1A5576231FA0DD5E001D404D /* Controller */ = {
			isa = PBXGroup;
			children = (
				1AB5FFA01FAFAFEB00EC8780 /* NewRopeViewController.swift */,
				1AB5FFA41FB0B01400EC8780 /* RopeViewController.swift */,
				1AB5FF971FAF631600EC8780 /* TabBarViewController.swift */,
				1AB5FF8F1FAD73AD00EC8780 /* CameraViewController.swift */,
				1AB5FF911FAD747B00EC8780 /* PreviewViewController.swift */,
				1AF5D0D71FC60F7700BDF886 /* RopeDisplayViewController.swift */,
				1A905AF01FCBC027000C5CE1 /* RopeIPDetailViewController.swift */,
				1A905AF21FCC6331000C5CE1 /* ScannerViewController.swift */,
				1ABECFC31FDC86AF004719ED /* SettingsTableViewController.swift */,
				1A72EE191FA22B810048A45F /* Auth */,
			);
			path = Controller;
			sourceTree = "<group>";
		};
		1A72EE191FA22B810048A45F /* Auth */ = {
			isa = PBXGroup;
			children = (
				1A17852A1FA0C85C00427741 /* LoginViewController.swift */,
				1A5576261FA0DFB2001D404D /* PhoneNumberViewController.swift */,
				1A72EE1C1FA2320F0048A45F /* VerificationViewController.swift */,
				1AC03DFA1FB10C8E00158752 /* SignUpViewController.swift */,
			);
			path = Auth;
			sourceTree = "<group>";
		};
		1AC03DFF1FB1453B00158752 /* Resources */ = {
			isa = PBXGroup;
			children = (
				1AD5CC2E1FB5595D00A01C2E /* Fonts */,
				1AC03E001FB1454500158752 /* DataService.swift */,
			);
			path = Resources;
			sourceTree = "<group>";
		};
		1AD5CC2E1FB5595D00A01C2E /* Fonts */ = {
			isa = PBXGroup;
			children = (
				1ABECFAE1FDA45BC004719ED /* Nunito-Black.ttf */,
				1ABECFAA1FDA45BB004719ED /* Nunito-BlackItalic.ttf */,
				1ABECFA71FDA45BB004719ED /* Nunito-Bold.ttf */,
				1ABECFB21FDA45BD004719ED /* Nunito-BoldItalic.ttf */,
				1ABECFB01FDA45BC004719ED /* Nunito-ExtraBold.ttf */,
				1ABECFA51FDA45BA004719ED /* Nunito-ExtraBoldItalic.ttf */,
				1ABECFAB1FDA45BC004719ED /* Nunito-ExtraLight.ttf */,
				1ABECFA91FDA45BB004719ED /* Nunito-ExtraLightItalic.ttf */,
				1ABECFB11FDA45BC004719ED /* Nunito-Italic.ttf */,
				1ABECFA81FDA45BB004719ED /* Nunito-Light.ttf */,
				1ABECFAF1FDA45BC004719ED /* Nunito-LightItalic.ttf */,
				1ABECFAC1FDA45BC004719ED /* Nunito-Regular.ttf */,
				1ABECFAD1FDA45BC004719ED /* Nunito-SemiBold.ttf */,
				1ABECFA61FDA45BA004719ED /* Nunito-SemiBoldItalic.ttf */,
				1AD5CC2F1FB5597500A01C2E /* extravaganzza.ttf */,
				1AD5CC301FB5597C00A01C2E /* extravaganzza-extra-bold.ttf */,
			);
			path = Fonts;
			sourceTree = "<group>";
		};
		2737712F45A4F305B612337F /* Frameworks */ = {
			isa = PBXGroup;
			children = (
				7D3E04C1E7D03CE3F5A08044 /* Pods_Rope.framework */,
			);
			name = Frameworks;
			sourceTree = "<group>";
		};
		4B37A6EB2B5AFA460928C4A0 /* Pods */ = {
			isa = PBXGroup;
			children = (
				EDA65B7248470CE8810E8062 /* Pods-Rope.debug.xcconfig */,
				50F5BFEBB349A5F357FAD6B3 /* Pods-Rope.release.xcconfig */,
			);
			name = Pods;
			sourceTree = "<group>";
		};
/* End PBXGroup section */

/* Begin PBXNativeTarget section */
		1A1785241FA0C85C00427741 /* Rope */ = {
			isa = PBXNativeTarget;
			buildConfigurationList = 1A1785371FA0C85C00427741 /* Build configuration list for PBXNativeTarget "Rope" */;
			buildPhases = (
				FA2484615E772F021399B16F /* [CP] Check Pods Manifest.lock */,
				1A1785211FA0C85C00427741 /* Sources */,
				1A1785221FA0C85C00427741 /* Frameworks */,
				1A1785231FA0C85C00427741 /* Resources */,
				F0A995B0BDEF0B735E08C141 /* [CP] Embed Pods Frameworks */,
				54E5AC46F2C1696D0048FC64 /* [CP] Copy Pods Resources */,
			);
			buildRules = (
			);
			dependencies = (
			);
			name = Rope;
			productName = Rope;
			productReference = 1A1785251FA0C85C00427741 /* Rope.app */;
			productType = "com.apple.product-type.application";
		};
/* End PBXNativeTarget section */

/* Begin PBXProject section */
		1A17851D1FA0C85C00427741 /* Project object */ = {
			isa = PBXProject;
			attributes = {
				LastSwiftUpdateCheck = 0830;
				LastUpgradeCheck = 0920;
				ORGANIZATIONNAME = Rope;
				TargetAttributes = {
					1A1785241FA0C85C00427741 = {
						CreatedOnToolsVersion = 8.3.3;
						DevelopmentTeam = S59K556BAM;
						LastSwiftMigration = 0900;
						ProvisioningStyle = Automatic;
						SystemCapabilities = {
							com.apple.Push = {
								enabled = 1;
							};
						};
					};
				};
			};
			buildConfigurationList = 1A1785201FA0C85C00427741 /* Build configuration list for PBXProject "Rope" */;
			compatibilityVersion = "Xcode 3.2";
			developmentRegion = English;
			hasScannedForEncodings = 0;
			knownRegions = (
				en,
				Base,
			);
			mainGroup = 1A17851C1FA0C85C00427741;
			productRefGroup = 1A1785261FA0C85C00427741 /* Products */;
			projectDirPath = "";
			projectRoot = "";
			targets = (
				1A1785241FA0C85C00427741 /* Rope */,
			);
		};
/* End PBXProject section */

/* Begin PBXResourcesBuildPhase section */
		1A1785231FA0C85C00427741 /* Resources */ = {
			isa = PBXResourcesBuildPhase;
			buildActionMask = 2147483647;
			files = (
				1ABECFBA1FDA4769004719ED /* Nunito-ExtraLightItalic.ttf in Resources */,
				1ABECFBB1FDA4769004719ED /* Nunito-Italic.ttf in Resources */,
				1ABECFBC1FDA4769004719ED /* Nunito-Light.ttf in Resources */,
				1A17853B1FA0C8DC00427741 /* GoogleService-Info.plist in Resources */,
				1ABECFB31FDA4762004719ED /* Nunito-Black.ttf in Resources */,
				1A06B0C01FC8BF9E002ABFB3 /* FriendRequestCell.xib in Resources */,
				1A1785331FA0C85C00427741 /* LaunchScreen.storyboard in Resources */,
				1A1785301FA0C85C00427741 /* Assets.xcassets in Resources */,
				1AD5CC321FB5599400A01C2E /* extravaganzza-extra-bold.ttf in Resources */,
				1ABECFB41FDA4769004719ED /* Nunito-BlackItalic.ttf in Resources */,
				1ABECFB91FDA4769004719ED /* Nunito-ExtraLight.ttf in Resources */,
				1ABECFC01FDA4769004719ED /* Nunito-SemiBoldItalic.ttf in Resources */,
				1AD5CC311FB5599100A01C2E /* extravaganzza.ttf in Resources */,
				1A5576251FA0DD93001D404D /* Auth.storyboard in Resources */,
				1A17852E1FA0C85C00427741 /* Main.storyboard in Resources */,
				1ABECFB51FDA4769004719ED /* Nunito-Bold.ttf in Resources */,
				1ABECFB81FDA4769004719ED /* Nunito-ExtraBoldItalic.ttf in Resources */,
				1ABECFBF1FDA4769004719ED /* Nunito-SemiBold.ttf in Resources */,
				1AB5FF961FAE237100EC8780 /* RopeIPCell.xib in Resources */,
				1ABECFB61FDA4769004719ED /* Nunito-BoldItalic.ttf in Resources */,
				1ABECFBE1FDA4769004719ED /* Nunito-Regular.ttf in Resources */,
				1ABECFBD1FDA4769004719ED /* Nunito-LightItalic.ttf in Resources */,
				1ABECFB71FDA4769004719ED /* Nunito-ExtraBold.ttf in Resources */,
			);
			runOnlyForDeploymentPostprocessing = 0;
		};
/* End PBXResourcesBuildPhase section */

/* Begin PBXShellScriptBuildPhase section */
		54E5AC46F2C1696D0048FC64 /* [CP] Copy Pods Resources */ = {
			isa = PBXShellScriptBuildPhase;
			buildActionMask = 2147483647;
			files = (
			);
			inputPaths = (
			);
			name = "[CP] Copy Pods Resources";
			outputPaths = (
			);
			runOnlyForDeploymentPostprocessing = 0;
			shellPath = /bin/sh;
			shellScript = "\"${SRCROOT}/Pods/Target Support Files/Pods-Rope/Pods-Rope-resources.sh\"\n";
			showEnvVarsInLog = 0;
		};
		F0A995B0BDEF0B735E08C141 /* [CP] Embed Pods Frameworks */ = {
			isa = PBXShellScriptBuildPhase;
			buildActionMask = 2147483647;
			files = (
			);
			inputPaths = (
			);
			name = "[CP] Embed Pods Frameworks";
			outputPaths = (
			);
			runOnlyForDeploymentPostprocessing = 0;
			shellPath = /bin/sh;
			shellScript = "\"${SRCROOT}/Pods/Target Support Files/Pods-Rope/Pods-Rope-frameworks.sh\"\n";
			showEnvVarsInLog = 0;
		};
		FA2484615E772F021399B16F /* [CP] Check Pods Manifest.lock */ = {
			isa = PBXShellScriptBuildPhase;
			buildActionMask = 2147483647;
			files = (
			);
			inputPaths = (
			);
			name = "[CP] Check Pods Manifest.lock";
			outputPaths = (
			);
			runOnlyForDeploymentPostprocessing = 0;
			shellPath = /bin/sh;
			shellScript = "diff \"${PODS_ROOT}/../Podfile.lock\" \"${PODS_ROOT}/Manifest.lock\" > /dev/null\nif [ $? != 0 ] ; then\n    # print error to STDERR\n    echo \"error: The sandbox is not in sync with the Podfile.lock. Run 'pod install' or update your CocoaPods installation.\" >&2\n    exit 1\nfi\n";
			showEnvVarsInLog = 0;
		};
/* End PBXShellScriptBuildPhase section */

/* Begin PBXSourcesBuildPhase section */
		1A1785211FA0C85C00427741 /* Sources */ = {
			isa = PBXSourcesBuildPhase;
			buildActionMask = 2147483647;
			files = (
				1A905AF11FCBC027000C5CE1 /* RopeIPDetailViewController.swift in Sources */,
				1A6E62BA1FE1A632000DD7E8 /* SpinnerView.swift in Sources */,
				1AB5FF901FAD73AD00EC8780 /* CameraViewController.swift in Sources */,
				1A5576291FA0EB64001D404D /* User.swift in Sources */,
				1AB5FF871FAB697600EC8780 /* CustomSegues.swift in Sources */,
				1A17852B1FA0C85C00427741 /* LoginViewController.swift in Sources */,
				1AF5D0D81FC60F7700BDF886 /* RopeDisplayViewController.swift in Sources */,
				1AC03DFB1FB10C8E00158752 /* SignUpViewController.swift in Sources */,
				1AF5D0D21FC5E05D00BDF886 /* Media.swift in Sources */,
				1AB5FFA31FB014C000EC8780 /* PreviewView.swift in Sources */,
				1AB5FFA71FB0B36B00EC8780 /* RopeCell.swift in Sources */,
				1AB5FFA51FB0B01400EC8780 /* RopeViewController.swift in Sources */,
				1AE1C13D1FB3AB3200A158ED /* Rope.swift in Sources */,
				1A72EE1D1FA2320F0048A45F /* VerificationViewController.swift in Sources */,
				1A1785291FA0C85C00427741 /* AppDelegate.swift in Sources */,
				1ABECFC41FDC86AF004719ED /* SettingsTableViewController.swift in Sources */,
				1AE1C13F1FB3ABCB00A158ED /* RopeIP.swift in Sources */,
				1AB5FFA11FAFAFEB00EC8780 /* NewRopeViewController.swift in Sources */,
				1A5576271FA0DFB2001D404D /* PhoneNumberViewController.swift in Sources */,
				1A06B0BC1FC8BF62002ABFB3 /* FriendRequestCell.swift in Sources */,
				1AB5FF981FAF631600EC8780 /* TabBarViewController.swift in Sources */,
				1A4BE17A1FAA2199001EEB15 /* RopeIPCell.swift in Sources */,
				1A905AF31FCC6331000C5CE1 /* ScannerViewController.swift in Sources */,
				1AB5FF921FAD747B00EC8780 /* PreviewViewController.swift in Sources */,
				1AC03E011FB1454500158752 /* DataService.swift in Sources */,
			);
			runOnlyForDeploymentPostprocessing = 0;
		};
/* End PBXSourcesBuildPhase section */

/* Begin PBXVariantGroup section */
		1A17852C1FA0C85C00427741 /* Main.storyboard */ = {
			isa = PBXVariantGroup;
			children = (
				1A17852D1FA0C85C00427741 /* Base */,
			);
			name = Main.storyboard;
			sourceTree = "<group>";
		};
		1A1785311FA0C85C00427741 /* LaunchScreen.storyboard */ = {
			isa = PBXVariantGroup;
			children = (
				1A1785321FA0C85C00427741 /* Base */,
			);
			name = LaunchScreen.storyboard;
			sourceTree = "<group>";
		};
/* End PBXVariantGroup section */

/* Begin XCBuildConfiguration section */
		1A1785351FA0C85C00427741 /* Debug */ = {
			isa = XCBuildConfiguration;
			buildSettings = {
				ALWAYS_SEARCH_USER_PATHS = NO;
				CLANG_ANALYZER_NONNULL = YES;
				CLANG_ANALYZER_NUMBER_OBJECT_CONVERSION = YES_AGGRESSIVE;
				CLANG_CXX_LANGUAGE_STANDARD = "gnu++0x";
				CLANG_CXX_LIBRARY = "libc++";
				CLANG_ENABLE_MODULES = YES;
				CLANG_ENABLE_OBJC_ARC = YES;
				CLANG_WARN_BLOCK_CAPTURE_AUTORELEASING = YES;
				CLANG_WARN_BOOL_CONVERSION = YES;
				CLANG_WARN_COMMA = YES;
				CLANG_WARN_CONSTANT_CONVERSION = YES;
				CLANG_WARN_DIRECT_OBJC_ISA_USAGE = YES_ERROR;
				CLANG_WARN_DOCUMENTATION_COMMENTS = YES;
				CLANG_WARN_EMPTY_BODY = YES;
				CLANG_WARN_ENUM_CONVERSION = YES;
				CLANG_WARN_INFINITE_RECURSION = YES;
				CLANG_WARN_INT_CONVERSION = YES;
				CLANG_WARN_NON_LITERAL_NULL_CONVERSION = YES;
				CLANG_WARN_OBJC_LITERAL_CONVERSION = YES;
				CLANG_WARN_OBJC_ROOT_CLASS = YES_ERROR;
				CLANG_WARN_RANGE_LOOP_ANALYSIS = YES;
				CLANG_WARN_STRICT_PROTOTYPES = YES;
				CLANG_WARN_SUSPICIOUS_MOVE = YES;
				CLANG_WARN_UNREACHABLE_CODE = YES;
				CLANG_WARN__DUPLICATE_METHOD_MATCH = YES;
				"CODE_SIGN_IDENTITY[sdk=iphoneos*]" = "iPhone Developer";
				COPY_PHASE_STRIP = NO;
				DEBUG_INFORMATION_FORMAT = dwarf;
				ENABLE_STRICT_OBJC_MSGSEND = YES;
				ENABLE_TESTABILITY = YES;
				GCC_C_LANGUAGE_STANDARD = gnu99;
				GCC_DYNAMIC_NO_PIC = NO;
				GCC_NO_COMMON_BLOCKS = YES;
				GCC_OPTIMIZATION_LEVEL = 0;
				GCC_PREPROCESSOR_DEFINITIONS = (
					"DEBUG=1",
					"$(inherited)",
				);
				GCC_WARN_64_TO_32_BIT_CONVERSION = YES;
				GCC_WARN_ABOUT_RETURN_TYPE = YES_ERROR;
				GCC_WARN_UNDECLARED_SELECTOR = YES;
				GCC_WARN_UNINITIALIZED_AUTOS = YES_AGGRESSIVE;
				GCC_WARN_UNUSED_FUNCTION = YES;
				GCC_WARN_UNUSED_VARIABLE = YES;
				IPHONEOS_DEPLOYMENT_TARGET = 10.0;
				MTL_ENABLE_DEBUG_INFO = YES;
				ONLY_ACTIVE_ARCH = YES;
				SDKROOT = iphoneos;
				SWIFT_ACTIVE_COMPILATION_CONDITIONS = DEBUG;
				SWIFT_OPTIMIZATION_LEVEL = "-Onone";
				TARGETED_DEVICE_FAMILY = "1,2";
			};
			name = Debug;
		};
		1A1785361FA0C85C00427741 /* Release */ = {
			isa = XCBuildConfiguration;
			buildSettings = {
				ALWAYS_SEARCH_USER_PATHS = NO;
				CLANG_ANALYZER_NONNULL = YES;
				CLANG_ANALYZER_NUMBER_OBJECT_CONVERSION = YES_AGGRESSIVE;
				CLANG_CXX_LANGUAGE_STANDARD = "gnu++0x";
				CLANG_CXX_LIBRARY = "libc++";
				CLANG_ENABLE_MODULES = YES;
				CLANG_ENABLE_OBJC_ARC = YES;
				CLANG_WARN_BLOCK_CAPTURE_AUTORELEASING = YES;
				CLANG_WARN_BOOL_CONVERSION = YES;
				CLANG_WARN_COMMA = YES;
				CLANG_WARN_CONSTANT_CONVERSION = YES;
				CLANG_WARN_DIRECT_OBJC_ISA_USAGE = YES_ERROR;
				CLANG_WARN_DOCUMENTATION_COMMENTS = YES;
				CLANG_WARN_EMPTY_BODY = YES;
				CLANG_WARN_ENUM_CONVERSION = YES;
				CLANG_WARN_INFINITE_RECURSION = YES;
				CLANG_WARN_INT_CONVERSION = YES;
				CLANG_WARN_NON_LITERAL_NULL_CONVERSION = YES;
				CLANG_WARN_OBJC_LITERAL_CONVERSION = YES;
				CLANG_WARN_OBJC_ROOT_CLASS = YES_ERROR;
				CLANG_WARN_RANGE_LOOP_ANALYSIS = YES;
				CLANG_WARN_STRICT_PROTOTYPES = YES;
				CLANG_WARN_SUSPICIOUS_MOVE = YES;
				CLANG_WARN_UNREACHABLE_CODE = YES;
				CLANG_WARN__DUPLICATE_METHOD_MATCH = YES;
				"CODE_SIGN_IDENTITY[sdk=iphoneos*]" = "iPhone Developer";
				COPY_PHASE_STRIP = NO;
				DEBUG_INFORMATION_FORMAT = "dwarf-with-dsym";
				ENABLE_NS_ASSERTIONS = NO;
				ENABLE_STRICT_OBJC_MSGSEND = YES;
				GCC_C_LANGUAGE_STANDARD = gnu99;
				GCC_NO_COMMON_BLOCKS = YES;
				GCC_WARN_64_TO_32_BIT_CONVERSION = YES;
				GCC_WARN_ABOUT_RETURN_TYPE = YES_ERROR;
				GCC_WARN_UNDECLARED_SELECTOR = YES;
				GCC_WARN_UNINITIALIZED_AUTOS = YES_AGGRESSIVE;
				GCC_WARN_UNUSED_FUNCTION = YES;
				GCC_WARN_UNUSED_VARIABLE = YES;
				IPHONEOS_DEPLOYMENT_TARGET = 10.0;
				MTL_ENABLE_DEBUG_INFO = NO;
				SDKROOT = iphoneos;
				SWIFT_OPTIMIZATION_LEVEL = "-Owholemodule";
				TARGETED_DEVICE_FAMILY = "1,2";
				VALIDATE_PRODUCT = YES;
			};
			name = Release;
		};
		1A1785381FA0C85C00427741 /* Debug */ = {
			isa = XCBuildConfiguration;
			baseConfigurationReference = EDA65B7248470CE8810E8062 /* Pods-Rope.debug.xcconfig */;
			buildSettings = {
				ALWAYS_EMBED_SWIFT_STANDARD_LIBRARIES = YES;
				ASSETCATALOG_COMPILER_APPICON_NAME = AppIcon;
				CODE_SIGN_ENTITLEMENTS = Rope/Rope.entitlements;
				DEVELOPMENT_TEAM = S59K556BAM;
				INFOPLIST_FILE = Rope/Info.plist;
				IPHONEOS_DEPLOYMENT_TARGET = 10.0;
				LD_RUNPATH_SEARCH_PATHS = "$(inherited) @executable_path/Frameworks";
				PRODUCT_BUNDLE_IDENTIFIER = com.Rope.ios;
				PRODUCT_NAME = "$(TARGET_NAME)";
				SWIFT_SWIFT3_OBJC_INFERENCE = Default;
				SWIFT_VERSION = 4.0;
				TARGETED_DEVICE_FAMILY = 1;
			};
			name = Debug;
		};
		1A1785391FA0C85C00427741 /* Release */ = {
			isa = XCBuildConfiguration;
			baseConfigurationReference = 50F5BFEBB349A5F357FAD6B3 /* Pods-Rope.release.xcconfig */;
			buildSettings = {
				ALWAYS_EMBED_SWIFT_STANDARD_LIBRARIES = YES;
				ASSETCATALOG_COMPILER_APPICON_NAME = AppIcon;
				CODE_SIGN_ENTITLEMENTS = Rope/Rope.entitlements;
				DEVELOPMENT_TEAM = S59K556BAM;
				INFOPLIST_FILE = Rope/Info.plist;
				IPHONEOS_DEPLOYMENT_TARGET = 10.0;
				LD_RUNPATH_SEARCH_PATHS = "$(inherited) @executable_path/Frameworks";
				PRODUCT_BUNDLE_IDENTIFIER = com.Rope.ios;
				PRODUCT_NAME = "$(TARGET_NAME)";
				SWIFT_SWIFT3_OBJC_INFERENCE = Default;
				SWIFT_VERSION = 4.0;
				TARGETED_DEVICE_FAMILY = 1;
			};
			name = Release;
		};
/* End XCBuildConfiguration section */

/* Begin XCConfigurationList section */
		1A1785201FA0C85C00427741 /* Build configuration list for PBXProject "Rope" */ = {
			isa = XCConfigurationList;
			buildConfigurations = (
				1A1785351FA0C85C00427741 /* Debug */,
				1A1785361FA0C85C00427741 /* Release */,
			);
			defaultConfigurationIsVisible = 0;
			defaultConfigurationName = Release;
		};
		1A1785371FA0C85C00427741 /* Build configuration list for PBXNativeTarget "Rope" */ = {
			isa = XCConfigurationList;
			buildConfigurations = (
				1A1785381FA0C85C00427741 /* Debug */,
				1A1785391FA0C85C00427741 /* Release */,
			);
			defaultConfigurationIsVisible = 0;
			defaultConfigurationName = Release;
		};
/* End XCConfigurationList section */
	};
	rootObject = 1A17851D1FA0C85C00427741 /* Project object */;
}
